
Microsoft Visual Studio Solution File, Format Version 12.00
# Visual Studio 2013
VisualStudioVersion = 12.0.40629.0
MinimumVisualStudioVersion = 10.0.40219.1
Project("{FAE04EC0-301F-11D3-BF4B-00C04F79EFBC}") = "TcpMaster", "TcpMaster.csproj", "{030E26FF-6A9D-49E7-BEF8-D513C28230AA}"
EndProject
Project("{FAE04EC0-301F-11D3-BF4B-00C04F79EFBC}") = "TcpSlave", "..\TcpSlave\TcpSlave.csproj", "{9C1630C8-A118-42E1-B65B-4AAE0ED24AF0}"
EndProject
Global
	GlobalSection(SolutionConfigurationPlatforms) = preSolution
		Debug|Any CPU = Debug|Any CPU
		Release|Any CPU = Release|Any CPU
	EndGlobalSection
	GlobalSection(ProjectConfigurationPlatforms) = postSolution
		{030E26FF-6A9D-49E7-BEF8-D513C28230AA}.Debug|Any CPU.ActiveCfg = Debug|Any CPU
		{030E26FF-6A9D-49E7-BEF8-D513C28230AA}.Debug|Any CPU.Build.0 = Debug|Any CPU
		{030E26FF-6A9D-49E7-BEF8-D513C28230AA}.Release|Any CPU.ActiveCfg = Release|Any CPU
		{030E26FF-6A9D-49E7-BEF8-D513C28230AA}.Release|Any CPU.Build.0 = Release|Any CPU
		{9C1630C8-A118-42E1-B65B-4AAE0ED24AF0}.Debug|Any CPU.ActiveCfg = Debug|Any CPU
		{9C1630C8-A118-42E1-B65B-4AAE0ED24AF0}.Debug|Any CPU.Build.0 = Debug|Any CPU
		{9C1630C8-A118-42E1-B65B-4AAE0ED24AF0}.Release|Any CPU.ActiveCfg = Release|Any CPU
		{9C1630C8-A118-42E1-B65B-4AAE0ED24AF0}.Release|Any CPU.Build.0 = Release|Any CPU
	EndGlobalSection
	GlobalSection(SolutionProperties) = preSolution
		HideSolutionNode = FALSE
	EndGlobalSection
EndGlobal
